{
  "name": "wysiwyg",
  "version": "0.0.0",
  "lockfileVersion": 2,
  "requires": true,
  "packages": {
    "": {
      "name": "wysiwyg",
      "version": "0.0.0",
      "license": "MIT",
      "dependencies": {
        "@ckeditor/ckeditor5-build-classic": "^34.1.0",
        "@ckeditor/ckeditor5-react": "^5.0.2",
        "@tinymce/tinymce-react": "^3.13.0"
      },
      "engines": {
        "node": ">=12.x.x <=16.x.x",
        "npm": ">=6.0.0"
      }
    },
    "node_modules/@ckeditor/ckeditor5-adapter-ckfinder": {
      "version": "34.1.0",
      "resolved": "https://registry.npmjs.org/@ckeditor/ckeditor5-adapter-ckfinder/-/ckeditor5-adapter-ckfinder-34.1.0.tgz",
      "integrity": "sha512-5KpImfDl4cyOMjsdYxVZs4IA+ggWs3/khOaH+QNvCR45JopSLnHYTW9X6z1BsENPgVvkD7X2SWxTeM0Q4pRraA==",
      "dependencies": {
        "ckeditor5": "^34.1.0"
      },
      "engines": {
        "node": ">=14.0.0",
        "npm": ">=5.7.1"
      }
    },
    "node_modules/@ckeditor/ckeditor5-autoformat": {
      "version": "34.1.0",
      "resolved": "https://registry.npmjs.org/@ckeditor/ckeditor5-autoformat/-/ckeditor5-autoformat-34.1.0.tgz",
      "integrity": "sha512-qt0yO2xNQJQjzNVhTN7xMHD41mEhjbMW0bmzFk7aj9sLf2NVw4b03sIdxrUApcpvh9rq1F9UPAycv5MNdDrjrg==",
      "dependencies": {
        "ckeditor5": "^34.1.0"
      },
      "engines": {
        "node": ">=14.0.0",
        "npm": ">=5.7.1"
      }
    },
    "node_modules/@ckeditor/ckeditor5-basic-styles": {
      "version": "34.1.0",
      "resolved": "https://registry.npmjs.org/@ckeditor/ckeditor5-basic-styles/-/ckeditor5-basic-styles-34.1.0.tgz",
      "integrity": "sha512-DCdvoB/He7xM5tnsLvNoBlECOa1ijxA6sh8iFF18KzYYx7amlLB5fq/q89/OvXy3mwxJ50JfInE35H/KXUXlzg==",
      "dependencies": {
        "ckeditor5": "^34.1.0"
      },
      "engines": {
        "node": ">=14.0.0",
        "npm": ">=5.7.1"
      }
    },
    "node_modules/@ckeditor/ckeditor5-block-quote": {
      "version": "34.1.0",
      "resolved": "https://registry.npmjs.org/@ckeditor/ckeditor5-block-quote/-/ckeditor5-block-quote-34.1.0.tgz",
      "integrity": "sha512-fs6lDcSwJMqkR+wtOPQwasOdX+xvC4Iu+zhs1/QIcg/+972dH14JAv5bLm7zpW3pWWDIr9hl9WJXWnxE9y4ygA==",
      "dependencies": {
        "ckeditor5": "^34.1.0"
      },
      "engines": {
        "node": ">=14.0.0",
        "npm": ">=5.7.1"
      }
    },
    "node_modules/@ckeditor/ckeditor5-build-classic": {
      "version": "34.1.0",
      "resolved": "https://registry.npmjs.org/@ckeditor/ckeditor5-build-classic/-/ckeditor5-build-classic-34.1.0.tgz",
      "integrity": "sha512-F/HwWy9Srfv3Lvdw8IQPpdtuVmvjmzaPiR2pigv8pywU+SiW2UMEXzMqVuWmbf7K8bODjXtPnAKbK2P0ZXjl2g==",
      "dependencies": {
        "@ckeditor/ckeditor5-adapter-ckfinder": "^34.1.0",
        "@ckeditor/ckeditor5-autoformat": "^34.1.0",
        "@ckeditor/ckeditor5-basic-styles": "^34.1.0",
        "@ckeditor/ckeditor5-block-quote": "^34.1.0",
        "@ckeditor/ckeditor5-ckfinder": "^34.1.0",
        "@ckeditor/ckeditor5-cloud-services": "^34.1.0",
        "@ckeditor/ckeditor5-easy-image": "^34.1.0",
        "@ckeditor/ckeditor5-editor-classic": "^34.1.0",
        "@ckeditor/ckeditor5-essentials": "^34.1.0",
        "@ckeditor/ckeditor5-heading": "^34.1.0",
        "@ckeditor/ckeditor5-image": "^34.1.0",
        "@ckeditor/ckeditor5-indent": "^34.1.0",
        "@ckeditor/ckeditor5-link": "^34.1.0",
        "@ckeditor/ckeditor5-list": "^34.1.0",
        "@ckeditor/ckeditor5-media-embed": "^34.1.0",
        "@ckeditor/ckeditor5-paragraph": "^34.1.0",
        "@ckeditor/ckeditor5-paste-from-office": "^34.1.0",
        "@ckeditor/ckeditor5-table": "^34.1.0",
        "@ckeditor/ckeditor5-typing": "^34.1.0"
      },
      "engines": {
        "node": ">=14.0.0",
        "npm": ">=5.7.1"
      }
    },
    "node_modules/@ckeditor/ckeditor5-ckfinder": {
      "version": "34.1.0",
      "resolved": "https://registry.npmjs.org/@ckeditor/ckeditor5-ckfinder/-/ckeditor5-ckfinder-34.1.0.tgz",
      "integrity": "sha512-bFAsTRXQ+qREJuu80M+awT6S4+2T6vOrauWT2kz5vV1zH5Pck/pd7Ag7YTsjFdZemE1Uj7IxQ6ta+6caIX0DUA==",
      "dependencies": {
        "ckeditor5": "^34.1.0"
      },
      "engines": {
        "node": ">=14.0.0",
        "npm": ">=5.7.1"
      }
    },
    "node_modules/@ckeditor/ckeditor5-clipboard": {
      "version": "34.1.0",
      "resolved": "https://registry.npmjs.org/@ckeditor/ckeditor5-clipboard/-/ckeditor5-clipboard-34.1.0.tgz",
      "integrity": "sha512-j9JsV3K5F47EkqyCPN08ZC6qbKqbTQ7XINe2t75XjeenYlXGpMkuF2jxX2MjXwGtDUZLGkNG7yc+CWaGZmfd+Q==",
      "dependencies": {
        "@ckeditor/ckeditor5-core": "^34.1.0",
        "@ckeditor/ckeditor5-engine": "^34.1.0",
        "@ckeditor/ckeditor5-utils": "^34.1.0",
        "@ckeditor/ckeditor5-widget": "^34.1.0",
        "lodash-es": "^4.17.11"
      },
      "engines": {
        "node": ">=14.0.0",
        "npm": ">=5.7.1"
      }
    },
    "node_modules/@ckeditor/ckeditor5-cloud-services": {
      "version": "34.1.0",
      "resolved": "https://registry.npmjs.org/@ckeditor/ckeditor5-cloud-services/-/ckeditor5-cloud-services-34.1.0.tgz",
      "integrity": "sha512-1+I5tVH5yaQlInHgHZolTr3FFSPoBUQh4d2qbBF+iHAzld27DEh4Q+sPrfrBeqelDfyCpChpUFdE2b+hCixh7A==",
      "dependencies": {
        "ckeditor5": "^34.1.0"
      },
      "engines": {
        "node": ">=14.0.0",
        "npm": ">=5.7.1"
      }
    },
    "node_modules/@ckeditor/ckeditor5-core": {
      "version": "34.1.0",
      "resolved": "https://registry.npmjs.org/@ckeditor/ckeditor5-core/-/ckeditor5-core-34.1.0.tgz",
      "integrity": "sha512-Rz0kIE64865fgSSdVRdAK7APTeoJxXyAdATEMM9UCXOMPWlE6UjOcrOMQEmZGxQHS+iwEocl9lWXPl+hMbWqfg==",
      "dependencies": {
        "@ckeditor/ckeditor5-engine": "^34.1.0",
        "@ckeditor/ckeditor5-ui": "^34.1.0",
        "@ckeditor/ckeditor5-utils": "^34.1.0",
        "lodash-es": "^4.17.15"
      },
      "engines": {
        "node": ">=14.0.0",
        "npm": ">=5.7.1"
      }
    },
    "node_modules/@ckeditor/ckeditor5-easy-image": {
      "version": "34.1.0",
      "resolved": "https://registry.npmjs.org/@ckeditor/ckeditor5-easy-image/-/ckeditor5-easy-image-34.1.0.tgz",
      "integrity": "sha512-dCBNBVVn9T3acVpOUAib5T/dKFFgyjPXu5zaSyQ+M59Re0W+dfL9thgy5VozBCFreP1Rp09Vtpog6xapx8KotQ==",
      "dependencies": {
        "ckeditor5": "^34.1.0"
      },
      "engines": {
        "node": ">=14.0.0",
        "npm": ">=5.7.1"
      }
    },
    "node_modules/@ckeditor/ckeditor5-editor-classic": {
      "version": "34.1.0",
      "resolved": "https://registry.npmjs.org/@ckeditor/ckeditor5-editor-classic/-/ckeditor5-editor-classic-34.1.0.tgz",
      "integrity": "sha512-SYZdI/W+cMQbioblwx9S37UunIf7w61JdMoTIh4/dnStc7YiH9kDJdsbcxPJ5LaSzZMJnaADXoj7FwqG+7RA1g==",
      "dependencies": {
        "ckeditor5": "^34.1.0",
        "lodash-es": "^4.17.15"
      },
      "engines": {
        "node": ">=14.0.0",
        "npm": ">=5.7.1"
      }
    },
    "node_modules/@ckeditor/ckeditor5-engine": {
      "version": "34.1.0",
      "resolved": "https://registry.npmjs.org/@ckeditor/ckeditor5-engine/-/ckeditor5-engine-34.1.0.tgz",
      "integrity": "sha512-Bz4BcAl0Hhp6LIsJCypx+LoGbKQHVJjWQSq5oHYbvgrRcT57EPbepdazCtFhAVj7NrLt78ZCq1cdJSBcNASRYA==",
      "dependencies": {
        "@ckeditor/ckeditor5-utils": "^34.1.0",
        "lodash-es": "^4.17.15"
      },
      "engines": {
        "node": ">=14.0.0",
        "npm": ">=5.7.1"
      }
    },
    "node_modules/@ckeditor/ckeditor5-enter": {
      "version": "34.1.0",
      "resolved": "https://registry.npmjs.org/@ckeditor/ckeditor5-enter/-/ckeditor5-enter-34.1.0.tgz",
      "integrity": "sha512-ZN/yxTPfPToBkz1NADHgnPGtni82Bbg4n3c+757lpGGyTjKSU6eDQYwXtDokpiVdD2FTDrhL59MX2xzWQKYRuA==",
      "dependencies": {
        "@ckeditor/ckeditor5-core": "^34.1.0",
        "@ckeditor/ckeditor5-engine": "^34.1.0",
        "@ckeditor/ckeditor5-utils": "^34.1.0"
      },
      "engines": {
        "node": ">=14.0.0",
        "npm": ">=5.7.1"
      }
    },
    "node_modules/@ckeditor/ckeditor5-essentials": {
      "version": "34.1.0",
      "resolved": "https://registry.npmjs.org/@ckeditor/ckeditor5-essentials/-/ckeditor5-essentials-34.1.0.tgz",
      "integrity": "sha512-z0TSG+NBH0A4PfoEaCmxvVk57AvJ8lPt46pGHQRHy8OVGZ1BRrOwk39/4bvN34AjmOnojK1fl7CRBfc4r2WE2A==",
      "dependencies": {
        "ckeditor5": "^34.1.0"
      },
      "engines": {
        "node": ">=14.0.0",
        "npm": ">=5.7.1"
      }
    },
    "node_modules/@ckeditor/ckeditor5-heading": {
      "version": "34.1.0",
      "resolved": "https://registry.npmjs.org/@ckeditor/ckeditor5-heading/-/ckeditor5-heading-34.1.0.tgz",
      "integrity": "sha512-nLgnWCcQm85xrbGvaw03dA+IPN//TCax+jUUC2aYPN55/PBtvSQ+rra8KQxemxxghD/ddAV6w2jMTsJh0BC2Xg==",
      "dependencies": {
        "ckeditor5": "^34.1.0"
      },
      "engines": {
        "node": ">=14.0.0",
        "npm": ">=5.7.1"
      }
    },
    "node_modules/@ckeditor/ckeditor5-image": {
      "version": "34.1.0",
      "resolved": "https://registry.npmjs.org/@ckeditor/ckeditor5-image/-/ckeditor5-image-34.1.0.tgz",
      "integrity": "sha512-EVMoZGCW6zz02/ZyiBUgLD78Q+XE+2zJ2LvVVB51VU/4czpvl7Eky12S6q/8XCmkaP8TICLM+neW8CAEbK1QEA==",
      "dependencies": {
        "@ckeditor/ckeditor5-ui": "^34.1.0",
        "ckeditor5": "^34.1.0",
        "lodash-es": "^4.17.15"
      },
      "engines": {
        "node": ">=14.0.0",
        "npm": ">=5.7.1"
      }
    },
    "node_modules/@ckeditor/ckeditor5-indent": {
      "version": "34.1.0",
      "resolved": "https://registry.npmjs.org/@ckeditor/ckeditor5-indent/-/ckeditor5-indent-34.1.0.tgz",
      "integrity": "sha512-UaV2k5xCyteoQtykKKUdvj03IyituuMp1AdMXtUgDEzZouDFTUfDksTSkAvGERhxiBXUjTM+zDSrXbzS368D3A==",
      "dependencies": {
        "ckeditor5": "^34.1.0"
      },
      "engines": {
        "node": ">=14.0.0",
        "npm": ">=5.7.1"
      }
    },
    "node_modules/@ckeditor/ckeditor5-link": {
      "version": "34.1.0",
      "resolved": "https://registry.npmjs.org/@ckeditor/ckeditor5-link/-/ckeditor5-link-34.1.0.tgz",
      "integrity": "sha512-TZEknvVAzCEH9bmXwLGPUyinSkmuI8NN3SFQFfytQ7qWp9NC6IPaVPbspxmHbZHNBnaK1XMsMnRO8gSL7d9+Fw==",
      "dependencies": {
        "@ckeditor/ckeditor5-ui": "^34.1.0",
        "ckeditor5": "^34.1.0",
        "lodash-es": "^4.17.15"
      },
      "engines": {
        "node": ">=14.0.0",
        "npm": ">=5.7.1"
      }
    },
    "node_modules/@ckeditor/ckeditor5-list": {
      "version": "34.1.0",
      "resolved": "https://registry.npmjs.org/@ckeditor/ckeditor5-list/-/ckeditor5-list-34.1.0.tgz",
      "integrity": "sha512-OD3cJ+WngMgMjCh+w3JQh2qveP6DNYhtx7tA0pVmuyx+DZzGpb2DYg6ie5JxhenHgVbJP9dHx620k9YjdYR3NQ==",
      "dependencies": {
        "@ckeditor/ckeditor5-ui": "^34.1.0",
        "ckeditor5": "^34.1.0"
      },
      "engines": {
        "node": ">=14.0.0",
        "npm": ">=5.7.1"
      }
    },
    "node_modules/@ckeditor/ckeditor5-media-embed": {
      "version": "34.1.0",
      "resolved": "https://registry.npmjs.org/@ckeditor/ckeditor5-media-embed/-/ckeditor5-media-embed-34.1.0.tgz",
      "integrity": "sha512-x39PmgEFaZGywTskr5D5nfcwcRdbeUOHMjKk3mJXIFxSUOaQUD0s8KLK3GYYmbGWJKhLINznVQQeT1vQu2uizQ==",
      "dependencies": {
        "@ckeditor/ckeditor5-ui": "^34.1.0",
        "ckeditor5": "^34.1.0"
      },
      "engines": {
        "node": ">=14.0.0",
        "npm": ">=5.7.1"
      }
    },
    "node_modules/@ckeditor/ckeditor5-paragraph": {
      "version": "34.1.0",
      "resolved": "https://registry.npmjs.org/@ckeditor/ckeditor5-paragraph/-/ckeditor5-paragraph-34.1.0.tgz",
      "integrity": "sha512-17tOw3hqguYkXymDUgUM7+fnwZf+0Dy/nHZ7/NK/4geAdh/FwvCPTnJE0NBsNQ3a3Erd682oYXDs32ecTwE6xA==",
      "dependencies": {
        "@ckeditor/ckeditor5-core": "^34.1.0",
        "@ckeditor/ckeditor5-ui": "^34.1.0",
        "@ckeditor/ckeditor5-utils": "^34.1.0"
      },
      "engines": {
        "node": ">=14.0.0",
        "npm": ">=5.7.1"
      }
    },
    "node_modules/@ckeditor/ckeditor5-paste-from-office": {
      "version": "34.1.0",
      "resolved": "https://registry.npmjs.org/@ckeditor/ckeditor5-paste-from-office/-/ckeditor5-paste-from-office-34.1.0.tgz",
      "integrity": "sha512-hQgfaOojt+GQdxYeFw5bIK36jP+bQgzh9uZJAOMq+dBqiB845ghY27p/ZV81wDWBd9vcaZDaa4uCnJ4gXqdGVQ==",
      "dependencies": {
        "ckeditor5": "^34.1.0"
      },
      "engines": {
        "node": ">=14.0.0",
        "npm": ">=5.7.1"
      }
    },
    "node_modules/@ckeditor/ckeditor5-react": {
      "version": "5.0.2",
      "resolved": "https://registry.npmjs.org/@ckeditor/ckeditor5-react/-/ckeditor5-react-5.0.2.tgz",
      "integrity": "sha512-pN4acvCAIsuXaZDMttqy4dNBKXiJ6AS6P8NM3ggMc/rQkMIPp3YPhDWWf+pyQLUiewj1Bfr5EFeBfcXPQTOn+Q==",
      "dependencies": {
        "prop-types": "^15.7.2"
      },
      "engines": {
        "node": ">=14.0.0",
        "npm": ">=5.7.1"
      },
      "peerDependencies": {
        "react": "^16.13.1 || ^17.0.0 || ^18.0.0"
      }
    },
    "node_modules/@ckeditor/ckeditor5-select-all": {
      "version": "34.1.0",
      "resolved": "https://registry.npmjs.org/@ckeditor/ckeditor5-select-all/-/ckeditor5-select-all-34.1.0.tgz",
      "integrity": "sha512-ia4cJdROsisx0H8nczQ08qo1du+C1dM+sPUHgaAf1o1N3KfgH81id7s4ILtyvz/fEqCmSIGxKW7MRn36ex/lcA==",
      "dependencies": {
        "@ckeditor/ckeditor5-core": "^34.1.0",
        "@ckeditor/ckeditor5-ui": "^34.1.0",
        "@ckeditor/ckeditor5-utils": "^34.1.0"
      },
      "engines": {
        "node": ">=14.0.0",
        "npm": ">=5.7.1"
      }
    },
    "node_modules/@ckeditor/ckeditor5-table": {
      "version": "34.1.0",
      "resolved": "https://registry.npmjs.org/@ckeditor/ckeditor5-table/-/ckeditor5-table-34.1.0.tgz",
      "integrity": "sha512-Nx/zrLz1YMRF3+IlDIuv3U9SvdKELyX3qXbGOk1wNIEBZKdAQYCuY4xwAhsBCo8Kx09172Yy6lpTIgFiMJzUOg==",
      "dependencies": {
        "ckeditor5": "^34.1.0",
        "lodash-es": "^4.17.15"
      },
      "engines": {
        "node": ">=14.0.0",
        "npm": ">=5.7.1"
      }
    },
    "node_modules/@ckeditor/ckeditor5-typing": {
      "version": "34.1.0",
      "resolved": "https://registry.npmjs.org/@ckeditor/ckeditor5-typing/-/ckeditor5-typing-34.1.0.tgz",
      "integrity": "sha512-KcO6Yr3RJboNL0Ta/+a+lWOJnjLbomhemJ42fxp6JWMyCh1A5x6Iom9GGt1qS7BSh/5l3/prQBr11ZTvzr1ERQ==",
      "dependencies": {
        "@ckeditor/ckeditor5-core": "^34.1.0",
        "@ckeditor/ckeditor5-engine": "^34.1.0",
        "@ckeditor/ckeditor5-utils": "^34.1.0",
        "lodash-es": "^4.17.15"
      },
      "engines": {
        "node": ">=14.0.0",
        "npm": ">=5.7.1"
      }
    },
    "node_modules/@ckeditor/ckeditor5-ui": {
      "version": "34.1.0",
      "resolved": "https://registry.npmjs.org/@ckeditor/ckeditor5-ui/-/ckeditor5-ui-34.1.0.tgz",
      "integrity": "sha512-cxySS7cj1xLz/Qh5VwQjHo399pU3ngCXkzQZnKlsFKqq7SPZghvzmaiYmqjlvlcmf4Idbm/IxMJXEPyLxpYrJw==",
      "dependencies": {
        "@ckeditor/ckeditor5-core": "^34.1.0",
        "@ckeditor/ckeditor5-utils": "^34.1.0",
        "lodash-es": "^4.17.15"
      },
      "engines": {
        "node": ">=14.0.0",
        "npm": ">=5.7.1"
      }
    },
    "node_modules/@ckeditor/ckeditor5-undo": {
      "version": "34.1.0",
      "resolved": "https://registry.npmjs.org/@ckeditor/ckeditor5-undo/-/ckeditor5-undo-34.1.0.tgz",
      "integrity": "sha512-+NXfCtbPeaacXWc54qQwGE2GT7chThqb5I8FqysD3kfM1q2mvzbFGMO9ADqz/uG3HgAViqbkxqnZOgziZeOkog==",
      "dependencies": {
        "@ckeditor/ckeditor5-core": "^34.1.0",
        "@ckeditor/ckeditor5-engine": "^34.1.0",
        "@ckeditor/ckeditor5-ui": "^34.1.0"
      },
      "engines": {
        "node": ">=14.0.0",
        "npm": ">=5.7.1"
      }
    },
    "node_modules/@ckeditor/ckeditor5-upload": {
      "version": "34.1.0",
      "resolved": "https://registry.npmjs.org/@ckeditor/ckeditor5-upload/-/ckeditor5-upload-34.1.0.tgz",
      "integrity": "sha512-Wxy0ucz4k0zD9ulpDGzlBb8z3JJRZ93UXfie5GFUUEN4M5nPH5oIt8eaV3hDkzqvyIubq/HOOsqYW6js7KtWsw==",
      "dependencies": {
        "@ckeditor/ckeditor5-core": "^34.1.0",
        "@ckeditor/ckeditor5-ui": "^34.1.0",
        "@ckeditor/ckeditor5-utils": "^34.1.0"
      },
      "engines": {
        "node": ">=14.0.0",
        "npm": ">=5.7.1"
      }
    },
    "node_modules/@ckeditor/ckeditor5-utils": {
      "version": "34.1.0",
      "resolved": "https://registry.npmjs.org/@ckeditor/ckeditor5-utils/-/ckeditor5-utils-34.1.0.tgz",
      "integrity": "sha512-laXIFkcGeL3NRG1zVNaiZNOcjHnLVqs2gvp6PaBaw6HigZdQWzPIA07FRfamIajMryG29vgcatBYAYgutKlPhQ==",
      "dependencies": {
        "lodash-es": "^4.17.15"
      },
      "engines": {
        "node": ">=14.0.0",
        "npm": ">=5.7.1"
      }
    },
    "node_modules/@ckeditor/ckeditor5-widget": {
      "version": "34.1.0",
      "resolved": "https://registry.npmjs.org/@ckeditor/ckeditor5-widget/-/ckeditor5-widget-34.1.0.tgz",
      "integrity": "sha512-9q/wouwZ760WPY5SZzAFj6aITqPHkQrNrokYzI1tN3A6VCcG4+3AJjgHE5TWWYLfFvqRK2WvSTV1Ntf6ztBa4w==",
      "dependencies": {
        "@ckeditor/ckeditor5-core": "^34.1.0",
        "@ckeditor/ckeditor5-engine": "^34.1.0",
        "@ckeditor/ckeditor5-enter": "^34.1.0",
        "@ckeditor/ckeditor5-typing": "^34.1.0",
        "@ckeditor/ckeditor5-ui": "^34.1.0",
        "@ckeditor/ckeditor5-utils": "^34.1.0",
        "lodash-es": "^4.17.15"
      },
      "engines": {
        "node": ">=14.0.0",
        "npm": ">=5.7.1"
      }
    },
    "node_modules/@tinymce/tinymce-react": {
      "version": "3.14.0",
      "resolved": "https://registry.npmjs.org/@tinymce/tinymce-react/-/tinymce-react-3.14.0.tgz",
      "integrity": "sha512-1X3Kl4DNVG/XNttlniQHvb9awX2MrD7XaFO2nWZ9SJrionIqWqKMLVl5GnJ8Br6KehNl97amxO8t3+5eLvfgxg==",
      "dependencies": {
        "prop-types": "^15.6.2",
        "tinymce": "^5.5.1"
      },
      "peerDependencies": {
        "react": "^18.0.0 || ^17.0.1 || ^16.7.0",
        "react-dom": "^18.0.0 || ^17.0.1 || ^16.7.0"
      }
    },
    "node_modules/ckeditor5": {
      "version": "34.1.0",
      "resolved": "https://registry.npmjs.org/ckeditor5/-/ckeditor5-34.1.0.tgz",
      "integrity": "sha512-bWcmXEx4C7AC+FywiTrhbs63mUc8vwEualSDzyJIZLd5HULLznqJwjeON/icKtzCiBLEeUFoeDHLC5yWAEj8sA==",
      "dependencies": {
        "@ckeditor/ckeditor5-clipboard": "^34.1.0",
        "@ckeditor/ckeditor5-core": "^34.1.0",
        "@ckeditor/ckeditor5-engine": "^34.1.0",
        "@ckeditor/ckeditor5-enter": "^34.1.0",
        "@ckeditor/ckeditor5-paragraph": "^34.1.0",
        "@ckeditor/ckeditor5-select-all": "^34.1.0",
        "@ckeditor/ckeditor5-typing": "^34.1.0",
        "@ckeditor/ckeditor5-ui": "^34.1.0",
        "@ckeditor/ckeditor5-undo": "^34.1.0",
        "@ckeditor/ckeditor5-upload": "^34.1.0",
        "@ckeditor/ckeditor5-utils": "^34.1.0",
        "@ckeditor/ckeditor5-widget": "^34.1.0"
      },
      "engines": {
        "node": ">=14.0.0",
        "npm": ">=5.7.1"
      }
    },
    "node_modules/js-tokens": {
      "version": "4.0.0",
      "resolved": "https://registry.npmjs.org/js-tokens/-/js-tokens-4.0.0.tgz",
      "integrity": "sha512-RdJUflcE3cUzKiMqQgsCu06FPu9UdIJO0beYbPhHN4k6apgJtifcoCtT9bcxOpYBtpD2kCM6Sbzg4CausW/PKQ=="
    },
    "node_modules/lodash-es": {
      "version": "4.17.21",
      "resolved": "https://registry.npmjs.org/lodash-es/-/lodash-es-4.17.21.tgz",
      "integrity": "sha512-mKnC+QJ9pWVzv+C4/U3rRsHapFfHvQFoFB92e52xeyGMcX6/OlIl78je1u8vePzYZSkkogMPJ2yjxxsb89cxyw=="
    },
    "node_modules/loose-envify": {
      "version": "1.4.0",
      "resolved": "https://registry.npmjs.org/loose-envify/-/loose-envify-1.4.0.tgz",
      "integrity": "sha512-lyuxPGr/Wfhrlem2CL/UcnUc1zcqKAImBDzukY7Y5F/yQiNdko6+fRLevlw1HgMySw7f611UIY408EtxRSoK3Q==",
      "dependencies": {
        "js-tokens": "^3.0.0 || ^4.0.0"
      },
      "bin": {
        "loose-envify": "cli.js"
      }
    },
    "node_modules/object-assign": {
      "version": "4.1.1",
      "resolved": "https://registry.npmjs.org/object-assign/-/object-assign-4.1.1.tgz",
      "integrity": "sha512-rJgTQnkUnH1sFw8yT6VSU3zD3sWmu6sZhIseY8VX+GRu3P6F7Fu+JNDoXfklElbLJSnc3FUQHVe4cU5hj+BcUg==",
      "engines": {
        "node": ">=0.10.0"
      }
    },
    "node_modules/prop-types": {
      "version": "15.8.1",
      "resolved": "https://registry.npmjs.org/prop-types/-/prop-types-15.8.1.tgz",
      "integrity": "sha512-oj87CgZICdulUohogVAR7AjlC0327U4el4L6eAvOqCeudMDVU0NThNaV+b9Df4dXgSP1gXMTnPdhfe/2qDH5cg==",
      "dependencies": {
        "loose-envify": "^1.4.0",
        "object-assign": "^4.1.1",
        "react-is": "^16.13.1"
      }
    },
    "node_modules/react": {
      "version": "16.14.0",
      "resolved": "https://registry.npmjs.org/react/-/react-16.14.0.tgz",
      "integrity": "sha512-0X2CImDkJGApiAlcf0ODKIneSwBPhqJawOa5wCtKbu7ZECrmS26NvtSILynQ66cgkT/RJ4LidJOc3bUESwmU8g==",
      "peer": true,
      "dependencies": {
        "loose-envify": "^1.1.0",
        "object-assign": "^4.1.1",
        "prop-types": "^15.6.2"
      },
      "engines": {
        "node": ">=0.10.0"
      }
    },
    "node_modules/react-dom": {
      "version": "16.14.0",
      "resolved": "https://registry.npmjs.org/react-dom/-/react-dom-16.14.0.tgz",
      "integrity": "sha512-1gCeQXDLoIqMgqD3IO2Ah9bnf0w9kzhwN5q4FGnHZ67hBm9yePzB5JJAIQCc8x3pFnNlwFq4RidZggNAAkzWWw==",
      "peer": true,
      "dependencies": {
        "loose-envify": "^1.1.0",
        "object-assign": "^4.1.1",
        "prop-types": "^15.6.2",
        "scheduler": "^0.19.1"
      },
      "peerDependencies": {
        "react": "^16.14.0"
      }
    },
    "node_modules/react-is": {
      "version": "16.13.1",
      "resolved": "https://registry.npmjs.org/react-is/-/react-is-16.13.1.tgz",
      "integrity": "sha512-24e6ynE2H+OKt4kqsOvNd8kBpV65zoxbA4BVsEOB3ARVWQki/DHzaUoC5KuON/BiccDaCCTZBuOcfZs70kR8bQ=="
    },
    "node_modules/scheduler": {
      "version": "0.19.1",
      "resolved": "https://registry.npmjs.org/scheduler/-/scheduler-0.19.1.tgz",
      "integrity": "sha512-n/zwRWRYSUj0/3g/otKDRPMh6qv2SYMWNq85IEa8iZyAv8od9zDYpGSnpBEjNgcMNq6Scbu5KfIPxNF72R/2EA==",
      "peer": true,
      "dependencies": {
        "loose-envify": "^1.1.0",
        "object-assign": "^4.1.1"
      }
    },
    "node_modules/tinymce": {
      "version": "5.10.5",
      "resolved": "https://registry.npmjs.org/tinymce/-/tinymce-5.10.5.tgz",
      "integrity": "sha512-nFKtLhmoRtExBxUfv06JlkbQWux5D+d115vxSRAqUmccZdrtpFvOIYwZmikvulLdM9pfEpvO0B+RQ2qFV/+R7w=="
    }
  },
  "dependencies": {
    "@ckeditor/ckeditor5-adapter-ckfinder": {
      "version": "34.1.0",
      "resolved": "https://registry.npmjs.org/@ckeditor/ckeditor5-adapter-ckfinder/-/ckeditor5-adapter-ckfinder-34.1.0.tgz",
      "integrity": "sha512-5KpImfDl4cyOMjsdYxVZs4IA+ggWs3/khOaH+QNvCR45JopSLnHYTW9X6z1BsENPgVvkD7X2SWxTeM0Q4pRraA==",
      "requires": {
        "ckeditor5": "^34.1.0"
      }
    },
    "@ckeditor/ckeditor5-autoformat": {
      "version": "34.1.0",
      "resolved": "https://registry.npmjs.org/@ckeditor/ckeditor5-autoformat/-/ckeditor5-autoformat-34.1.0.tgz",
      "integrity": "sha512-qt0yO2xNQJQjzNVhTN7xMHD41mEhjbMW0bmzFk7aj9sLf2NVw4b03sIdxrUApcpvh9rq1F9UPAycv5MNdDrjrg==",
      "requires": {
        "ckeditor5": "^34.1.0"
      }
    },
    "@ckeditor/ckeditor5-basic-styles": {
      "version": "34.1.0",
      "resolved": "https://registry.npmjs.org/@ckeditor/ckeditor5-basic-styles/-/ckeditor5-basic-styles-34.1.0.tgz",
      "integrity": "sha512-DCdvoB/He7xM5tnsLvNoBlECOa1ijxA6sh8iFF18KzYYx7amlLB5fq/q89/OvXy3mwxJ50JfInE35H/KXUXlzg==",
      "requires": {
        "ckeditor5": "^34.1.0"
      }
    },
    "@ckeditor/ckeditor5-block-quote": {
      "version": "34.1.0",
      "resolved": "https://registry.npmjs.org/@ckeditor/ckeditor5-block-quote/-/ckeditor5-block-quote-34.1.0.tgz",
      "integrity": "sha512-fs6lDcSwJMqkR+wtOPQwasOdX+xvC4Iu+zhs1/QIcg/+972dH14JAv5bLm7zpW3pWWDIr9hl9WJXWnxE9y4ygA==",
      "requires": {
        "ckeditor5": "^34.1.0"
      }
    },
    "@ckeditor/ckeditor5-build-classic": {
      "version": "34.1.0",
      "resolved": "https://registry.npmjs.org/@ckeditor/ckeditor5-build-classic/-/ckeditor5-build-classic-34.1.0.tgz",
      "integrity": "sha512-F/HwWy9Srfv3Lvdw8IQPpdtuVmvjmzaPiR2pigv8pywU+SiW2UMEXzMqVuWmbf7K8bODjXtPnAKbK2P0ZXjl2g==",
      "requires": {
        "@ckeditor/ckeditor5-adapter-ckfinder": "^34.1.0",
        "@ckeditor/ckeditor5-autoformat": "^34.1.0",
        "@ckeditor/ckeditor5-basic-styles": "^34.1.0",
        "@ckeditor/ckeditor5-block-quote": "^34.1.0",
        "@ckeditor/ckeditor5-ckfinder": "^34.1.0",
        "@ckeditor/ckeditor5-cloud-services": "^34.1.0",
        "@ckeditor/ckeditor5-easy-image": "^34.1.0",
        "@ckeditor/ckeditor5-editor-classic": "^34.1.0",
        "@ckeditor/ckeditor5-essentials": "^34.1.0",
        "@ckeditor/ckeditor5-heading": "^34.1.0",
        "@ckeditor/ckeditor5-image": "^34.1.0",
        "@ckeditor/ckeditor5-indent": "^34.1.0",
        "@ckeditor/ckeditor5-link": "^34.1.0",
        "@ckeditor/ckeditor5-list": "^34.1.0",
        "@ckeditor/ckeditor5-media-embed": "^34.1.0",
        "@ckeditor/ckeditor5-paragraph": "^34.1.0",
        "@ckeditor/ckeditor5-paste-from-office": "^34.1.0",
        "@ckeditor/ckeditor5-table": "^34.1.0",
        "@ckeditor/ckeditor5-typing": "^34.1.0"
      }
    },
    "@ckeditor/ckeditor5-ckfinder": {
      "version": "34.1.0",
      "resolved": "https://registry.npmjs.org/@ckeditor/ckeditor5-ckfinder/-/ckeditor5-ckfinder-34.1.0.tgz",
      "integrity": "sha512-bFAsTRXQ+qREJuu80M+awT6S4+2T6vOrauWT2kz5vV1zH5Pck/pd7Ag7YTsjFdZemE1Uj7IxQ6ta+6caIX0DUA==",
      "requires": {
        "ckeditor5": "^34.1.0"
      }
    },
    "@ckeditor/ckeditor5-clipboard": {
      "version": "34.1.0",
      "resolved": "https://registry.npmjs.org/@ckeditor/ckeditor5-clipboard/-/ckeditor5-clipboard-34.1.0.tgz",
      "integrity": "sha512-j9JsV3K5F47EkqyCPN08ZC6qbKqbTQ7XINe2t75XjeenYlXGpMkuF2jxX2MjXwGtDUZLGkNG7yc+CWaGZmfd+Q==",
      "requires": {
        "@ckeditor/ckeditor5-core": "^34.1.0",
        "@ckeditor/ckeditor5-engine": "^34.1.0",
        "@ckeditor/ckeditor5-utils": "^34.1.0",
        "@ckeditor/ckeditor5-widget": "^34.1.0",
        "lodash-es": "^4.17.11"
      }
    },
    "@ckeditor/ckeditor5-cloud-services": {
      "version": "34.1.0",
      "resolved": "https://registry.npmjs.org/@ckeditor/ckeditor5-cloud-services/-/ckeditor5-cloud-services-34.1.0.tgz",
      "integrity": "sha512-1+I5tVH5yaQlInHgHZolTr3FFSPoBUQh4d2qbBF+iHAzld27DEh4Q+sPrfrBeqelDfyCpChpUFdE2b+hCixh7A==",
      "requires": {
        "ckeditor5": "^34.1.0"
      }
    },
    "@ckeditor/ckeditor5-core": {
      "version": "34.1.0",
      "resolved": "https://registry.npmjs.org/@ckeditor/ckeditor5-core/-/ckeditor5-core-34.1.0.tgz",
      "integrity": "sha512-Rz0kIE64865fgSSdVRdAK7APTeoJxXyAdATEMM9UCXOMPWlE6UjOcrOMQEmZGxQHS+iwEocl9lWXPl+hMbWqfg==",
      "requires": {
        "@ckeditor/ckeditor5-engine": "^34.1.0",
        "@ckeditor/ckeditor5-ui": "^34.1.0",
        "@ckeditor/ckeditor5-utils": "^34.1.0",
        "lodash-es": "^4.17.15"
      }
    },
    "@ckeditor/ckeditor5-easy-image": {
      "version": "34.1.0",
      "resolved": "https://registry.npmjs.org/@ckeditor/ckeditor5-easy-image/-/ckeditor5-easy-image-34.1.0.tgz",
      "integrity": "sha512-dCBNBVVn9T3acVpOUAib5T/dKFFgyjPXu5zaSyQ+M59Re0W+dfL9thgy5VozBCFreP1Rp09Vtpog6xapx8KotQ==",
      "requires": {
        "ckeditor5": "^34.1.0"
      }
    },
    "@ckeditor/ckeditor5-editor-classic": {
      "version": "34.1.0",
      "resolved": "https://registry.npmjs.org/@ckeditor/ckeditor5-editor-classic/-/ckeditor5-editor-classic-34.1.0.tgz",
      "integrity": "sha512-SYZdI/W+cMQbioblwx9S37UunIf7w61JdMoTIh4/dnStc7YiH9kDJdsbcxPJ5LaSzZMJnaADXoj7FwqG+7RA1g==",
      "requires": {
        "ckeditor5": "^34.1.0",
        "lodash-es": "^4.17.15"
      }
    },
    "@ckeditor/ckeditor5-engine": {
      "version": "34.1.0",
      "resolved": "https://registry.npmjs.org/@ckeditor/ckeditor5-engine/-/ckeditor5-engine-34.1.0.tgz",
      "integrity": "sha512-Bz4BcAl0Hhp6LIsJCypx+LoGbKQHVJjWQSq5oHYbvgrRcT57EPbepdazCtFhAVj7NrLt78ZCq1cdJSBcNASRYA==",
      "requires": {
        "@ckeditor/ckeditor5-utils": "^34.1.0",
        "lodash-es": "^4.17.15"
      }
    },
    "@ckeditor/ckeditor5-enter": {
      "version": "34.1.0",
      "resolved": "https://registry.npmjs.org/@ckeditor/ckeditor5-enter/-/ckeditor5-enter-34.1.0.tgz",
      "integrity": "sha512-ZN/yxTPfPToBkz1NADHgnPGtni82Bbg4n3c+757lpGGyTjKSU6eDQYwXtDokpiVdD2FTDrhL59MX2xzWQKYRuA==",
      "requires": {
        "@ckeditor/ckeditor5-core": "^34.1.0",
        "@ckeditor/ckeditor5-engine": "^34.1.0",
        "@ckeditor/ckeditor5-utils": "^34.1.0"
      }
    },
    "@ckeditor/ckeditor5-essentials": {
      "version": "34.1.0",
      "resolved": "https://registry.npmjs.org/@ckeditor/ckeditor5-essentials/-/ckeditor5-essentials-34.1.0.tgz",
      "integrity": "sha512-z0TSG+NBH0A4PfoEaCmxvVk57AvJ8lPt46pGHQRHy8OVGZ1BRrOwk39/4bvN34AjmOnojK1fl7CRBfc4r2WE2A==",
      "requires": {
        "ckeditor5": "^34.1.0"
      }
    },
    "@ckeditor/ckeditor5-heading": {
      "version": "34.1.0",
      "resolved": "https://registry.npmjs.org/@ckeditor/ckeditor5-heading/-/ckeditor5-heading-34.1.0.tgz",
      "integrity": "sha512-nLgnWCcQm85xrbGvaw03dA+IPN//TCax+jUUC2aYPN55/PBtvSQ+rra8KQxemxxghD/ddAV6w2jMTsJh0BC2Xg==",
      "requires": {
        "ckeditor5": "^34.1.0"
      }
    },
    "@ckeditor/ckeditor5-image": {
      "version": "34.1.0",
      "resolved": "https://registry.npmjs.org/@ckeditor/ckeditor5-image/-/ckeditor5-image-34.1.0.tgz",
      "integrity": "sha512-EVMoZGCW6zz02/ZyiBUgLD78Q+XE+2zJ2LvVVB51VU/4czpvl7Eky12S6q/8XCmkaP8TICLM+neW8CAEbK1QEA==",
      "requires": {
        "@ckeditor/ckeditor5-ui": "^34.1.0",
        "ckeditor5": "^34.1.0",
        "lodash-es": "^4.17.15"
      }
    },
    "@ckeditor/ckeditor5-indent": {
      "version": "34.1.0",
      "resolved": "https://registry.npmjs.org/@ckeditor/ckeditor5-indent/-/ckeditor5-indent-34.1.0.tgz",
      "integrity": "sha512-UaV2k5xCyteoQtykKKUdvj03IyituuMp1AdMXtUgDEzZouDFTUfDksTSkAvGERhxiBXUjTM+zDSrXbzS368D3A==",
      "requires": {
        "ckeditor5": "^34.1.0"
      }
    },
    "@ckeditor/ckeditor5-link": {
      "version": "34.1.0",
      "resolved": "https://registry.npmjs.org/@ckeditor/ckeditor5-link/-/ckeditor5-link-34.1.0.tgz",
      "integrity": "sha512-TZEknvVAzCEH9bmXwLGPUyinSkmuI8NN3SFQFfytQ7qWp9NC6IPaVPbspxmHbZHNBnaK1XMsMnRO8gSL7d9+Fw==",
      "requires": {
        "@ckeditor/ckeditor5-ui": "^34.1.0",
        "ckeditor5": "^34.1.0",
        "lodash-es": "^4.17.15"
      }
    },
    "@ckeditor/ckeditor5-list": {
      "version": "34.1.0",
      "resolved": "https://registry.npmjs.org/@ckeditor/ckeditor5-list/-/ckeditor5-list-34.1.0.tgz",
      "integrity": "sha512-OD3cJ+WngMgMjCh+w3JQh2qveP6DNYhtx7tA0pVmuyx+DZzGpb2DYg6ie5JxhenHgVbJP9dHx620k9YjdYR3NQ==",
      "requires": {
        "@ckeditor/ckeditor5-ui": "^34.1.0",
        "ckeditor5": "^34.1.0"
      }
    },
    "@ckeditor/ckeditor5-media-embed": {
      "version": "34.1.0",
      "resolved": "https://registry.npmjs.org/@ckeditor/ckeditor5-media-embed/-/ckeditor5-media-embed-34.1.0.tgz",
      "integrity": "sha512-x39PmgEFaZGywTskr5D5nfcwcRdbeUOHMjKk3mJXIFxSUOaQUD0s8KLK3GYYmbGWJKhLINznVQQeT1vQu2uizQ==",
      "requires": {
        "@ckeditor/ckeditor5-ui": "^34.1.0",
        "ckeditor5": "^34.1.0"
      }
    },
    "@ckeditor/ckeditor5-paragraph": {
      "version": "34.1.0",
      "resolved": "https://registry.npmjs.org/@ckeditor/ckeditor5-paragraph/-/ckeditor5-paragraph-34.1.0.tgz",
      "integrity": "sha512-17tOw3hqguYkXymDUgUM7+fnwZf+0Dy/nHZ7/NK/4geAdh/FwvCPTnJE0NBsNQ3a3Erd682oYXDs32ecTwE6xA==",
      "requires": {
        "@ckeditor/ckeditor5-core": "^34.1.0",
        "@ckeditor/ckeditor5-ui": "^34.1.0",
        "@ckeditor/ckeditor5-utils": "^34.1.0"
      }
    },
    "@ckeditor/ckeditor5-paste-from-office": {
      "version": "34.1.0",
      "resolved": "https://registry.npmjs.org/@ckeditor/ckeditor5-paste-from-office/-/ckeditor5-paste-from-office-34.1.0.tgz",
      "integrity": "sha512-hQgfaOojt+GQdxYeFw5bIK36jP+bQgzh9uZJAOMq+dBqiB845ghY27p/ZV81wDWBd9vcaZDaa4uCnJ4gXqdGVQ==",
      "requires": {
        "ckeditor5": "^34.1.0"
      }
    },
    "@ckeditor/ckeditor5-react": {
      "version": "5.0.2",
      "resolved": "https://registry.npmjs.org/@ckeditor/ckeditor5-react/-/ckeditor5-react-5.0.2.tgz",
      "integrity": "sha512-pN4acvCAIsuXaZDMttqy4dNBKXiJ6AS6P8NM3ggMc/rQkMIPp3YPhDWWf+pyQLUiewj1Bfr5EFeBfcXPQTOn+Q==",
      "requires": {
        "prop-types": "^15.7.2"
      }
    },
    "@ckeditor/ckeditor5-select-all": {
      "version": "34.1.0",
      "resolved": "https://registry.npmjs.org/@ckeditor/ckeditor5-select-all/-/ckeditor5-select-all-34.1.0.tgz",
      "integrity": "sha512-ia4cJdROsisx0H8nczQ08qo1du+C1dM+sPUHgaAf1o1N3KfgH81id7s4ILtyvz/fEqCmSIGxKW7MRn36ex/lcA==",
      "requires": {
        "@ckeditor/ckeditor5-core": "^34.1.0",
        "@ckeditor/ckeditor5-ui": "^34.1.0",
        "@ckeditor/ckeditor5-utils": "^34.1.0"
      }
    },
    "@ckeditor/ckeditor5-table": {
      "version": "34.1.0",
      "resolved": "https://registry.npmjs.org/@ckeditor/ckeditor5-table/-/ckeditor5-table-34.1.0.tgz",
      "integrity": "sha512-Nx/zrLz1YMRF3+IlDIuv3U9SvdKELyX3qXbGOk1wNIEBZKdAQYCuY4xwAhsBCo8Kx09172Yy6lpTIgFiMJzUOg==",
      "requires": {
        "ckeditor5": "^34.1.0",
        "lodash-es": "^4.17.15"
      }
    },
    "@ckeditor/ckeditor5-typing": {
      "version": "34.1.0",
      "resolved": "https://registry.npmjs.org/@ckeditor/ckeditor5-typing/-/ckeditor5-typing-34.1.0.tgz",
      "integrity": "sha512-KcO6Yr3RJboNL0Ta/+a+lWOJnjLbomhemJ42fxp6JWMyCh1A5x6Iom9GGt1qS7BSh/5l3/prQBr11ZTvzr1ERQ==",
      "requires": {
        "@ckeditor/ckeditor5-core": "^34.1.0",
        "@ckeditor/ckeditor5-engine": "^34.1.0",
        "@ckeditor/ckeditor5-utils": "^34.1.0",
        "lodash-es": "^4.17.15"
      }
    },
    "@ckeditor/ckeditor5-ui": {
      "version": "34.1.0",
      "resolved": "https://registry.npmjs.org/@ckeditor/ckeditor5-ui/-/ckeditor5-ui-34.1.0.tgz",
      "integrity": "sha512-cxySS7cj1xLz/Qh5VwQjHo399pU3ngCXkzQZnKlsFKqq7SPZghvzmaiYmqjlvlcmf4Idbm/IxMJXEPyLxpYrJw==",
      "requires": {
        "@ckeditor/ckeditor5-core": "^34.1.0",
        "@ckeditor/ckeditor5-utils": "^34.1.0",
        "lodash-es": "^4.17.15"
      }
    },
    "@ckeditor/ckeditor5-undo": {
      "version": "34.1.0",
      "resolved": "https://registry.npmjs.org/@ckeditor/ckeditor5-undo/-/ckeditor5-undo-34.1.0.tgz",
      "integrity": "sha512-+NXfCtbPeaacXWc54qQwGE2GT7chThqb5I8FqysD3kfM1q2mvzbFGMO9ADqz/uG3HgAViqbkxqnZOgziZeOkog==",
      "requires": {
        "@ckeditor/ckeditor5-core": "^34.1.0",
        "@ckeditor/ckeditor5-engine": "^34.1.0",
        "@ckeditor/ckeditor5-ui": "^34.1.0"
      }
    },
    "@ckeditor/ckeditor5-upload": {
      "version": "34.1.0",
      "resolved": "https://registry.npmjs.org/@ckeditor/ckeditor5-upload/-/ckeditor5-upload-34.1.0.tgz",
      "integrity": "sha512-Wxy0ucz4k0zD9ulpDGzlBb8z3JJRZ93UXfie5GFUUEN4M5nPH5oIt8eaV3hDkzqvyIubq/HOOsqYW6js7KtWsw==",
      "requires": {
        "@ckeditor/ckeditor5-core": "^34.1.0",
        "@ckeditor/ckeditor5-ui": "^34.1.0",
        "@ckeditor/ckeditor5-utils": "^34.1.0"
      }
    },
    "@ckeditor/ckeditor5-utils": {
      "version": "34.1.0",
      "resolved": "https://registry.npmjs.org/@ckeditor/ckeditor5-utils/-/ckeditor5-utils-34.1.0.tgz",
      "integrity": "sha512-laXIFkcGeL3NRG1zVNaiZNOcjHnLVqs2gvp6PaBaw6HigZdQWzPIA07FRfamIajMryG29vgcatBYAYgutKlPhQ==",
      "requires": {
        "lodash-es": "^4.17.15"
      }
    },
    "@ckeditor/ckeditor5-widget": {
      "version": "34.1.0",
      "resolved": "https://registry.npmjs.org/@ckeditor/ckeditor5-widget/-/ckeditor5-widget-34.1.0.tgz",
      "integrity": "sha512-9q/wouwZ760WPY5SZzAFj6aITqPHkQrNrokYzI1tN3A6VCcG4+3AJjgHE5TWWYLfFvqRK2WvSTV1Ntf6ztBa4w==",
      "requires": {
        "@ckeditor/ckeditor5-core": "^34.1.0",
        "@ckeditor/ckeditor5-engine": "^34.1.0",
        "@ckeditor/ckeditor5-enter": "^34.1.0",
        "@ckeditor/ckeditor5-typing": "^34.1.0",
        "@ckeditor/ckeditor5-ui": "^34.1.0",
        "@ckeditor/ckeditor5-utils": "^34.1.0",
        "lodash-es": "^4.17.15"
      }
    },
    "@tinymce/tinymce-react": {
      "version": "3.14.0",
      "resolved": "https://registry.npmjs.org/@tinymce/tinymce-react/-/tinymce-react-3.14.0.tgz",
      "integrity": "sha512-1X3Kl4DNVG/XNttlniQHvb9awX2MrD7XaFO2nWZ9SJrionIqWqKMLVl5GnJ8Br6KehNl97amxO8t3+5eLvfgxg==",
      "requires": {
        "prop-types": "^15.6.2",
        "tinymce": "^5.5.1"
      }
    },
    "ckeditor5": {
      "version": "34.1.0",
      "resolved": "https://registry.npmjs.org/ckeditor5/-/ckeditor5-34.1.0.tgz",
      "integrity": "sha512-bWcmXEx4C7AC+FywiTrhbs63mUc8vwEualSDzyJIZLd5HULLznqJwjeON/icKtzCiBLEeUFoeDHLC5yWAEj8sA==",
      "requires": {
        "@ckeditor/ckeditor5-clipboard": "^34.1.0",
        "@ckeditor/ckeditor5-core": "^34.1.0",
        "@ckeditor/ckeditor5-engine": "^34.1.0",
        "@ckeditor/ckeditor5-enter": "^34.1.0",
        "@ckeditor/ckeditor5-paragraph": "^34.1.0",
        "@ckeditor/ckeditor5-select-all": "^34.1.0",
        "@ckeditor/ckeditor5-typing": "^34.1.0",
        "@ckeditor/ckeditor5-ui": "^34.1.0",
        "@ckeditor/ckeditor5-undo": "^34.1.0",
        "@ckeditor/ckeditor5-upload": "^34.1.0",
        "@ckeditor/ckeditor5-utils": "^34.1.0",
        "@ckeditor/ckeditor5-widget": "^34.1.0"
      }
    },
    "js-tokens": {
      "version": "4.0.0",
      "resolved": "https://registry.npmjs.org/js-tokens/-/js-tokens-4.0.0.tgz",
      "integrity": "sha512-RdJUflcE3cUzKiMqQgsCu06FPu9UdIJO0beYbPhHN4k6apgJtifcoCtT9bcxOpYBtpD2kCM6Sbzg4CausW/PKQ=="
    },
    "lodash-es": {
      "version": "4.17.21",
      "resolved": "https://registry.npmjs.org/lodash-es/-/lodash-es-4.17.21.tgz",
      "integrity": "sha512-mKnC+QJ9pWVzv+C4/U3rRsHapFfHvQFoFB92e52xeyGMcX6/OlIl78je1u8vePzYZSkkogMPJ2yjxxsb89cxyw=="
    },
    "loose-envify": {
      "version": "1.4.0",
      "resolved": "https://registry.npmjs.org/loose-envify/-/loose-envify-1.4.0.tgz",
      "integrity": "sha512-lyuxPGr/Wfhrlem2CL/UcnUc1zcqKAImBDzukY7Y5F/yQiNdko6+fRLevlw1HgMySw7f611UIY408EtxRSoK3Q==",
      "requires": {
        "js-tokens": "^3.0.0 || ^4.0.0"
      }
    },
    "object-assign": {
      "version": "4.1.1",
      "resolved": "https://registry.npmjs.org/object-assign/-/object-assign-4.1.1.tgz",
      "integrity": "sha512-rJgTQnkUnH1sFw8yT6VSU3zD3sWmu6sZhIseY8VX+GRu3P6F7Fu+JNDoXfklElbLJSnc3FUQHVe4cU5hj+BcUg=="
    },
    "prop-types": {
      "version": "15.8.1",
      "resolved": "https://registry.npmjs.org/prop-types/-/prop-types-15.8.1.tgz",
      "integrity": "sha512-oj87CgZICdulUohogVAR7AjlC0327U4el4L6eAvOqCeudMDVU0NThNaV+b9Df4dXgSP1gXMTnPdhfe/2qDH5cg==",
      "requires": {
        "loose-envify": "^1.4.0",
        "object-assign": "^4.1.1",
        "react-is": "^16.13.1"
      }
    },
    "react": {
      "version": "16.14.0",
      "resolved": "https://registry.npmjs.org/react/-/react-16.14.0.tgz",
      "integrity": "sha512-0X2CImDkJGApiAlcf0ODKIneSwBPhqJawOa5wCtKbu7ZECrmS26NvtSILynQ66cgkT/RJ4LidJOc3bUESwmU8g==",
      "peer": true,
      "requires": {
        "loose-envify": "^1.1.0",
        "object-assign": "^4.1.1",
        "prop-types": "^15.6.2"
      }
    },
    "react-dom": {
      "version": "16.14.0",
      "resolved": "https://registry.npmjs.org/react-dom/-/react-dom-16.14.0.tgz",
      "integrity": "sha512-1gCeQXDLoIqMgqD3IO2Ah9bnf0w9kzhwN5q4FGnHZ67hBm9yePzB5JJAIQCc8x3pFnNlwFq4RidZggNAAkzWWw==",
      "peer": true,
      "requires": {
        "loose-envify": "^1.1.0",
        "object-assign": "^4.1.1",
        "prop-types": "^15.6.2",
        "scheduler": "^0.19.1"
      }
    },
    "react-is": {
      "version": "16.13.1",
      "resolved": "https://registry.npmjs.org/react-is/-/react-is-16.13.1.tgz",
      "integrity": "sha512-24e6ynE2H+OKt4kqsOvNd8kBpV65zoxbA4BVsEOB3ARVWQki/DHzaUoC5KuON/BiccDaCCTZBuOcfZs70kR8bQ=="
    },
    "scheduler": {
      "version": "0.19.1",
      "resolved": "https://registry.npmjs.org/scheduler/-/scheduler-0.19.1.tgz",
      "integrity": "sha512-n/zwRWRYSUj0/3g/otKDRPMh6qv2SYMWNq85IEa8iZyAv8od9zDYpGSnpBEjNgcMNq6Scbu5KfIPxNF72R/2EA==",
      "peer": true,
      "requires": {
        "loose-envify": "^1.1.0",
        "object-assign": "^4.1.1"
      }
    },
    "tinymce": {
      "version": "5.10.5",
      "resolved": "https://registry.npmjs.org/tinymce/-/tinymce-5.10.5.tgz",
      "integrity": "sha512-nFKtLhmoRtExBxUfv06JlkbQWux5D+d115vxSRAqUmccZdrtpFvOIYwZmikvulLdM9pfEpvO0B+RQ2qFV/+R7w=="
    }
  }
}
